
Microsoft Visual Studio Solution File, Format Version 12.00
# Visual Studio Version 17
VisualStudioVersion = 17.10.35013.160
MinimumVisualStudioVersion = 10.0.40219.1
Project("{FAE04EC0-301F-11D3-BF4B-00C04F79EFBC}") = "EntityFramework_ModelFirstExample_App", "EntityFramework_ModelFirstExample_App\EntityFramework_ModelFirstExample_App.csproj", "{F51DAD62-8B06-4E20-BD12-602323988E4A}"
EndProject
Global
	GlobalSection(SolutionConfigurationPlatforms) = preSolution
		Debug|Any CPU = Debug|Any CPU
		Release|Any CPU = Release|Any CPU
	EndGlobalSection
	GlobalSection(ProjectConfigurationPlatforms) = postSolution
		{F51DAD62-8B06-4E20-BD12-602323988E4A}.Debug|Any CPU.ActiveCfg = Debug|Any CPU
		{F51DAD62-8B06-4E20-BD12-602323988E4A}.Debug|Any CPU.Build.0 = Debug|Any CPU
		{F51DAD62-8B06-4E20-BD12-602323988E4A}.Release|Any CPU.ActiveCfg = Release|Any CPU
		{F51DAD62-8B06-4E20-BD12-602323988E4A}.Release|Any CPU.Build.0 = Release|Any CPU
	EndGlobalSection
	GlobalSection(SolutionProperties) = preSolution
		HideSolutionNode = FALSE
	EndGlobalSection
	GlobalSection(ExtensibilityGlobals) = postSolution
		SolutionGuid = {34343400-70B7-4D2A-B021-BD31E319E56C}
	EndGlobalSection
EndGlobal
